{
  "name": "@scsys/proton-root",
  "version": "0.1.0",
  "lockfileVersion": 2,
  "requires": true,
  "packages": {
    "": {
      "name": "@scsys/proton-root",
      "version": "0.1.0",
      "license": "Apache-2.0",
      "devDependencies": {}
    },
    "app": {
      "name": "@scsys/proton-ui",
      "version": "0.1.0",
      "extraneous": true,
      "license": "Apache-2.0",
      "dependencies": {
        "cookie": "latest"
      },
      "devDependencies": {
        "@popperjs/core": "latest",
        "@tailwindcss/forms": "latest",
        "@tailwindcss/typography": "latest",
        "@types/google.maps": "latest",
        "@types/node": "latest",
        "autoprefixer": "latest",
        "classnames": "latest",
        "flowbite": "latest",
        "tailwindcss": "latest",
        "ts-node": "latest",
        "tslib": "latest",
        "typescript": "beta",
        "vite": "beta"
      }
    }
  }
}
